// !$*UTF8*$!
{
	archiveVersion = 1;
	classes = {
	};
	objectVersion = 77;
	objects = {

/* Begin PBXBuildFile section */
		89A828002CFFC21F00C10329 /* SnapKit in Frameworks */ = {isa = PBXBuildFile; productRef = 89A827FF2CFFC21F00C10329 /* SnapKit */; };
/* End PBXBuildFile section */

/* Begin PBXContainerItemProxy section */
		89A8279F2CFF9C7B00C10329 /* PBXContainerItemProxy */ = {
			isa = PBXContainerItemProxy;
			containerPortal = 89A827802CFF9C7800C10329 /* Project object */;
			proxyType = 1;
			remoteGlobalIDString = 89A827872CFF9C7800C10329;
			remoteInfo = cvsViewer;
		};
		89A827A92CFF9C7B00C10329 /* PBXContainerItemProxy */ = {
			isa = PBXContainerItemProxy;
			containerPortal = 89A827802CFF9C7800C10329 /* Project object */;
			proxyType = 1;
			remoteGlobalIDString = 89A827872CFF9C7800C10329;
			remoteInfo = cvsViewer;
		};
/* End PBXContainerItemProxy section */

/* Begin PBXFileReference section */
		89A827882CFF9C7800C10329 /* cvsViewer.app */ = {isa = PBXFileReference; explicitFileType = wrapper.application; includeInIndex = 0; path = cvsViewer.app; sourceTree = BUILT_PRODUCTS_DIR; };
		89A8279E2CFF9C7B00C10329 /* cvsViewerTests.xctest */ = {isa = PBXFileReference; explicitFileType = wrapper.cfbundle; includeInIndex = 0; path = cvsViewerTests.xctest; sourceTree = BUILT_PRODUCTS_DIR; };
		89A827A82CFF9C7B00C10329 /* cvsViewerUITests.xctest */ = {isa = PBXFileReference; explicitFileType = wrapper.cfbundle; includeInIndex = 0; path = cvsViewerUITests.xctest; sourceTree = BUILT_PRODUCTS_DIR; };
/* End PBXFileReference section */

/* Begin PBXFileSystemSynchronizedBuildFileExceptionSet section */
		89A8293C2D04987400C10329 /* Exceptions for "cvsViewer" folder in "cvsViewer" target */ = {
			isa = PBXFileSystemSynchronizedBuildFileExceptionSet;
			membershipExceptions = (
				Info.plist,
				Resources/TestData/empty.csv,
				Resources/TestData/issues_invalid_dates.csv,
				Resources/TestData/issues_large.csv,
				Resources/TestData/issues_missing_fields.csv,
				Resources/TestData/issues_no_new_line.csv,
				Resources/TestData/issues_small.csv,
				Resources/TestData/issues_valid.csv,
			);
			target = 89A827872CFF9C7800C10329 /* cvsViewer */;
		};
		89A8293E2D04A39C00C10329 /* Exceptions for "cvsViewer" folder in "cvsViewerTests" target */ = {
			isa = PBXFileSystemSynchronizedBuildFileExceptionSet;
			membershipExceptions = (
				Resources/TestData/empty.csv,
				Resources/TestData/issues_invalid_dates.csv,
				Resources/TestData/issues_large.csv,
				Resources/TestData/issues_missing_fields.csv,
				Resources/TestData/issues_no_new_line.csv,
				Resources/TestData/issues_small.csv,
				Resources/TestData/issues_valid.csv,
			);
			target = 89A8279D2CFF9C7B00C10329 /* cvsViewerTests */;
		};
/* End PBXFileSystemSynchronizedBuildFileExceptionSet section */

/* Begin PBXFileSystemSynchronizedRootGroup section */
		89A8278A2CFF9C7800C10329 /* cvsViewer */ = {
			isa = PBXFileSystemSynchronizedRootGroup;
			exceptions = (
				89A8293C2D04987400C10329 /* Exceptions for "cvsViewer" folder in "cvsViewer" target */,
				89A8293E2D04A39C00C10329 /* Exceptions for "cvsViewer" folder in "cvsViewerTests" target */,
			);
			path = cvsViewer;
			sourceTree = "<group>";
		};
		89A827A12CFF9C7B00C10329 /* cvsViewerTests */ = {
			isa = PBXFileSystemSynchronizedRootGroup;
			path = cvsViewerTests;
			sourceTree = "<group>";
		};
		89A827AB2CFF9C7B00C10329 /* cvsViewerUITests */ = {
			isa = PBXFileSystemSynchronizedRootGroup;
			path = cvsViewerUITests;
			sourceTree = "<group>";
		};
/* End PBXFileSystemSynchronizedRootGroup section */

/* Begin PBXFrameworksBuildPhase section */
		89A827852CFF9C7800C10329 /* Frameworks */ = {
			isa = PBXFrameworksBuildPhase;
			buildActionMask = 2147483647;
			files = (
				89A828002CFFC21F00C10329 /* SnapKit in Frameworks */,
			);
			runOnlyForDeploymentPostprocessing = 0;
		};
		89A8279B2CFF9C7B00C10329 /* Frameworks */ = {
			isa = PBXFrameworksBuildPhase;
			buildActionMask = 2147483647;
			files = (
			);
			runOnlyForDeploymentPostprocessing = 0;
		};
		89A827A52CFF9C7B00C10329 /* Frameworks */ = {
			isa = PBXFrameworksBuildPhase;
			buildActionMask = 2147483647;
			files = (
			);
			runOnlyForDeploymentPostprocessing = 0;
		};
/* End PBXFrameworksBuildPhase section */

/* Begin PBXGroup section */
		89A8277F2CFF9C7800C10329 = {
			isa = PBXGroup;
			children = (
				89A8278A2CFF9C7800C10329 /* cvsViewer */,
				89A827A12CFF9C7B00C10329 /* cvsViewerTests */,
				89A827AB2CFF9C7B00C10329 /* cvsViewerUITests */,
				89A827892CFF9C7800C10329 /* Products */,
			);
			sourceTree = "<group>";
		};
		89A827892CFF9C7800C10329 /* Products */ = {
			isa = PBXGroup;
			children = (
				89A827882CFF9C7800C10329 /* cvsViewer.app */,
				89A8279E2CFF9C7B00C10329 /* cvsViewerTests.xctest */,
				89A827A82CFF9C7B00C10329 /* cvsViewerUITests.xctest */,
			);
			name = Products;
			sourceTree = "<group>";
		};
/* End PBXGroup section */

/* Begin PBXNativeTarget section */
		89A827872CFF9C7800C10329 /* cvsViewer */ = {
			isa = PBXNativeTarget;
			buildConfigurationList = 89A827B12CFF9C7B00C10329 /* Build configuration list for PBXNativeTarget "cvsViewer" */;
			buildPhases = (
				89A827842CFF9C7800C10329 /* Sources */,
				89A827852CFF9C7800C10329 /* Frameworks */,
				89A827862CFF9C7800C10329 /* Resources */,
			);
			buildRules = (
			);
			dependencies = (
			);
			fileSystemSynchronizedGroups = (
				89A8278A2CFF9C7800C10329 /* cvsViewer */,
			);
			name = cvsViewer;
			packageProductDependencies = (
				89A827FF2CFFC21F00C10329 /* SnapKit */,
			);
			productName = cvsViewer;
			productReference = 89A827882CFF9C7800C10329 /* cvsViewer.app */;
			productType = "com.apple.product-type.application";
		};
		89A8279D2CFF9C7B00C10329 /* cvsViewerTests */ = {
			isa = PBXNativeTarget;
			buildConfigurationList = 89A827B62CFF9C7B00C10329 /* Build configuration list for PBXNativeTarget "cvsViewerTests" */;
			buildPhases = (
				89A8279A2CFF9C7B00C10329 /* Sources */,
				89A8279B2CFF9C7B00C10329 /* Frameworks */,
				89A8279C2CFF9C7B00C10329 /* Resources */,
			);
			buildRules = (
			);
			dependencies = (
				89A827A02CFF9C7B00C10329 /* PBXTargetDependency */,
			);
			fileSystemSynchronizedGroups = (
				89A827A12CFF9C7B00C10329 /* cvsViewerTests */,
			);
			name = cvsViewerTests;
			packageProductDependencies = (
			);
			productName = cvsViewerTests;
			productReference = 89A8279E2CFF9C7B00C10329 /* cvsViewerTests.xctest */;
			productType = "com.apple.product-type.bundle.unit-test";
		};
		89A827A72CFF9C7B00C10329 /* cvsViewerUITests */ = {
			isa = PBXNativeTarget;
			buildConfigurationList = 89A827B92CFF9C7B00C10329 /* Build configuration list for PBXNativeTarget "cvsViewerUITests" */;
			buildPhases = (
				89A827A42CFF9C7B00C10329 /* Sources */,
				89A827A52CFF9C7B00C10329 /* Frameworks */,
				89A827A62CFF9C7B00C10329 /* Resources */,
			);
			buildRules = (
			);
			dependencies = (
				89A827AA2CFF9C7B00C10329 /* PBXTargetDependency */,
			);
			fileSystemSynchronizedGroups = (
				89A827AB2CFF9C7B00C10329 /* cvsViewerUITests */,
			);
			name = cvsViewerUITests;
			packageProductDependencies = (
			);
			productName = cvsViewerUITests;
			productReference = 89A827A82CFF9C7B00C10329 /* cvsViewerUITests.xctest */;
			productType = "com.apple.product-type.bundle.ui-testing";
		};
/* End PBXNativeTarget section */

/* Begin PBXProject section */
		89A827802CFF9C7800C10329 /* Project object */ = {
			isa = PBXProject;
			attributes = {
				BuildIndependentTargetsInParallel = 1;
				LastSwiftUpdateCheck = 1610;
				LastUpgradeCheck = 1610;
				TargetAttributes = {
					89A827872CFF9C7800C10329 = {
						CreatedOnToolsVersion = 16.1;
					};
					89A8279D2CFF9C7B00C10329 = {
						CreatedOnToolsVersion = 16.1;
						TestTargetID = 89A827872CFF9C7800C10329;
					};
					89A827A72CFF9C7B00C10329 = {
						CreatedOnToolsVersion = 16.1;
						TestTargetID = 89A827872CFF9C7800C10329;
					};
				};
			};
			buildConfigurationList = 89A827832CFF9C7800C10329 /* Build configuration list for PBXProject "cvsViewer" */;
			developmentRegion = en;
			hasScannedForEncodings = 0;
			knownRegions = (
				en,
				Base,
			);
			mainGroup = 89A8277F2CFF9C7800C10329;
			minimizedProjectReferenceProxies = 1;
			packageReferences = (
				89A827FE2CFFC21F00C10329 /* XCRemoteSwiftPackageReference "SnapKit" */,
			);
			preferredProjectObjectVersion = 77;
			productRefGroup = 89A827892CFF9C7800C10329 /* Products */;
			projectDirPath = "";
			projectRoot = "";
			targets = (
				89A827872CFF9C7800C10329 /* cvsViewer */,
				89A8279D2CFF9C7B00C10329 /* cvsViewerTests */,
				89A827A72CFF9C7B00C10329 /* cvsViewerUITests */,
			);
		};
/* End PBXProject section */

/* Begin PBXResourcesBuildPhase section */
		89A827862CFF9C7800C10329 /* Resources */ = {
			isa = PBXResourcesBuildPhase;
			buildActionMask = 2147483647;
			files = (
			);
			runOnlyForDeploymentPostprocessing = 0;
		};
		89A8279C2CFF9C7B00C10329 /* Resources */ = {
			isa = PBXResourcesBuildPhase;
			buildActionMask = 2147483647;
			files = (
			);
			runOnlyForDeploymentPostprocessing = 0;
		};
		89A827A62CFF9C7B00C10329 /* Resources */ = {
			isa = PBXResourcesBuildPhase;
			buildActionMask = 2147483647;
			files = (
			);
			runOnlyForDeploymentPostprocessing = 0;
		};
/* End PBXResourcesBuildPhase section */

/* Begin PBXSourcesBuildPhase section */
		89A827842CFF9C7800C10329 /* Sources */ = {
			isa = PBXSourcesBuildPhase;
			buildActionMask = 2147483647;
			files = (
			);
			runOnlyForDeploymentPostprocessing = 0;
		};
		89A8279A2CFF9C7B00C10329 /* Sources */ = {
			isa = PBXSourcesBuildPhase;
			buildActionMask = 2147483647;
			files = (
			);
			runOnlyForDeploymentPostprocessing = 0;
		};
		89A827A42CFF9C7B00C10329 /* Sources */ = {
			isa = PBXSourcesBuildPhase;
			buildActionMask = 2147483647;
			files = (
			);
			runOnlyForDeploymentPostprocessing = 0;
		};
/* End PBXSourcesBuildPhase section */

/* Begin PBXTargetDependency section */
		89A827A02CFF9C7B00C10329 /* PBXTargetDependency */ = {
			isa = PBXTargetDependency;
			target = 89A827872CFF9C7800C10329 /* cvsViewer */;
			targetProxy = 89A8279F2CFF9C7B00C10329 /* PBXContainerItemProxy */;
		};
		89A827AA2CFF9C7B00C10329 /* PBXTargetDependency */ = {
			isa = PBXTargetDependency;
			target = 89A827872CFF9C7800C10329 /* cvsViewer */;
			targetProxy = 89A827A92CFF9C7B00C10329 /* PBXContainerItemProxy */;
		};
/* End PBXTargetDependency section */

/* Begin XCBuildConfiguration section */
		89A827B22CFF9C7B00C10329 /* Debug */ = {
			isa = XCBuildConfiguration;
			buildSettings = {
				ASSETCATALOG_COMPILER_APPICON_NAME = AppIcon;
				ASSETCATALOG_COMPILER_GLOBAL_ACCENT_COLOR_NAME = AccentColor;
				CODE_SIGN_STYLE = Automatic;
				CURRENT_PROJECT_VERSION = 1;
				DEVELOPMENT_TEAM = H8VDGU6LR9;
				GENERATE_INFOPLIST_FILE = YES;
				INFOPLIST_FILE = cvsViewer/Info.plist;
				INFOPLIST_KEY_UIApplicationSupportsIndirectInputEvents = YES;
				INFOPLIST_KEY_UILaunchStoryboardName = LaunchScreen;
				INFOPLIST_KEY_UIMainStoryboardFile = Main;
				INFOPLIST_KEY_UISupportedInterfaceOrientations = UIInterfaceOrientationPortrait;
				INFOPLIST_KEY_UISupportedInterfaceOrientations_iPad = "UIInterfaceOrientationLandscapeLeft UIInterfaceOrientationLandscapeRight UIInterfaceOrientationPortrait UIInterfaceOrientationPortraitUpsideDown";
				IPHONEOS_DEPLOYMENT_TARGET = 17.6;
				LD_RUNPATH_SEARCH_PATHS = (
					"$(inherited)",
					"@executable_path/Frameworks",
				);
				MARKETING_VERSION = 1.0;
				PRODUCT_BUNDLE_IDENTIFIER = if.cvsViewer;
				PRODUCT_NAME = "$(TARGET_NAME)";
				SWIFT_EMIT_LOC_STRINGS = YES;
				SWIFT_VERSION = 5.0;
				TARGETED_DEVICE_FAMILY = "1,2";
			};
			name = Debug;
		};
		89A827B32CFF9C7B00C10329 /* Release */ = {
			isa = XCBuildConfiguration;
			buildSettings = {
				ASSETCATALOG_COMPILER_APPICON_NAME = AppIcon;
				ASSETCATALOG_COMPILER_GLOBAL_ACCENT_COLOR_NAME = AccentColor;
				CODE_SIGN_STYLE = Automatic;
				CURRENT_PROJECT_VERSION = 1;
				DEVELOPMENT_TEAM = H8VDGU6LR9;
				GENERATE_INFOPLIST_FILE = YES;
				INFOPLIST_FILE = cvsViewer/Info.plist;
				INFOPLIST_KEY_UIApplicationSupportsIndirectInputEvents = YES;
				INFOPLIST_KEY_UILaunchStoryboardName = LaunchScreen;
				INFOPLIST_KEY_UIMainStoryboardFile = Main;
				INFOPLIST_KEY_UISupportedInterfaceOrientations = UIInterfaceOrientationPortrait;
				INFOPLIST_KEY_UISupportedInterfaceOrientations_iPad = "UIInterfaceOrientationLandscapeLeft UIInterfaceOrientationLandscapeRight UIInterfaceOrientationPortrait UIInterfaceOrientationPortraitUpsideDown";
				IPHONEOS_DEPLOYMENT_TARGET = 17.6;
				LD_RUNPATH_SEARCH_PATHS = (
					"$(inherited)",
					"@executable_path/Frameworks",
				);
				MARKETING_VERSION = 1.0;
				PRODUCT_BUNDLE_IDENTIFIER = if.cvsViewer;
				PRODUCT_NAME = "$(TARGET_NAME)";
				SWIFT_EMIT_LOC_STRINGS = YES;
				SWIFT_VERSION = 5.0;
				TARGETED_DEVICE_FAMILY = "1,2";
			};
			name = Release;
		};
		89A827B42CFF9C7B00C10329 /* Debug */ = {
			isa = XCBuildConfiguration;
			buildSettings = {
				ALWAYS_SEARCH_USER_PATHS = NO;
				ASSETCATALOG_COMPILER_GENERATE_SWIFT_ASSET_SYMBOL_EXTENSIONS = YES;
				CLANG_ANALYZER_NONNULL = YES;
				CLANG_ANALYZER_NUMBER_OBJECT_CONVERSION = YES_AGGRESSIVE;
				CLANG_CXX_LANGUAGE_STANDARD = "gnu++20";
				CLANG_ENABLE_MODULES = YES;
				CLANG_ENABLE_OBJC_ARC = YES;
				CLANG_ENABLE_OBJC_WEAK = YES;
				CLANG_WARN_BLOCK_CAPTURE_AUTORELEASING = YES;
				CLANG_WARN_BOOL_CONVERSION = YES;
				CLANG_WARN_COMMA = YES;
				CLANG_WARN_CONSTANT_CONVERSION = YES;
				CLANG_WARN_DEPRECATED_OBJC_IMPLEMENTATIONS = YES;
				CLANG_WARN_DIRECT_OBJC_ISA_USAGE = YES_ERROR;
				CLANG_WARN_DOCUMENTATION_COMMENTS = YES;
				CLANG_WARN_EMPTY_BODY = YES;
				CLANG_WARN_ENUM_CONVERSION = YES;
				CLANG_WARN_INFINITE_RECURSION = YES;
				CLANG_WARN_INT_CONVERSION = YES;
				CLANG_WARN_NON_LITERAL_NULL_CONVERSION = YES;
				CLANG_WARN_OBJC_IMPLICIT_RETAIN_SELF = YES;
				CLANG_WARN_OBJC_LITERAL_CONVERSION = YES;
				CLANG_WARN_OBJC_ROOT_CLASS = YES_ERROR;
				CLANG_WARN_QUOTED_INCLUDE_IN_FRAMEWORK_HEADER = YES;
				CLANG_WARN_RANGE_LOOP_ANALYSIS = YES;
				CLANG_WARN_STRICT_PROTOTYPES = YES;
				CLANG_WARN_SUSPICIOUS_MOVE = YES;
				CLANG_WARN_UNGUARDED_AVAILABILITY = YES_AGGRESSIVE;
				CLANG_WARN_UNREACHABLE_CODE = YES;
				CLANG_WARN__DUPLICATE_METHOD_MATCH = YES;
				COPY_PHASE_STRIP = NO;
				DEBUG_INFORMATION_FORMAT = dwarf;
				ENABLE_STRICT_OBJC_MSGSEND = YES;
				ENABLE_TESTABILITY = YES;
				ENABLE_USER_SCRIPT_SANDBOXING = YES;
				GCC_C_LANGUAGE_STANDARD = gnu17;
				GCC_DYNAMIC_NO_PIC = NO;
				GCC_NO_COMMON_BLOCKS = YES;
				GCC_OPTIMIZATION_LEVEL = 0;
				GCC_PREPROCESSOR_DEFINITIONS = (
					"DEBUG=1",
					"$(inherited)",
				);
				GCC_WARN_64_TO_32_BIT_CONVERSION = YES;
				GCC_WARN_ABOUT_RETURN_TYPE = YES_ERROR;
				GCC_WARN_UNDECLARED_SELECTOR = YES;
				GCC_WARN_UNINITIALIZED_AUTOS = YES_AGGRESSIVE;
				GCC_WARN_UNUSED_FUNCTION = YES;
				GCC_WARN_UNUSED_VARIABLE = YES;
				IPHONEOS_DEPLOYMENT_TARGET = 18.1;
				LOCALIZATION_PREFERS_STRING_CATALOGS = YES;
				MTL_ENABLE_DEBUG_INFO = INCLUDE_SOURCE;
				MTL_FAST_MATH = YES;
				ONLY_ACTIVE_ARCH = YES;
				SDKROOT = iphoneos;
				SWIFT_ACTIVE_COMPILATION_CONDITIONS = "DEBUG $(inherited)";
				SWIFT_OPTIMIZATION_LEVEL = "-Onone";
			};
			name = Debug;
		};
		89A827B52CFF9C7B00C10329 /* Release */ = {
			isa = XCBuildConfiguration;
			buildSettings = {
				ALWAYS_SEARCH_USER_PATHS = NO;
				ASSETCATALOG_COMPILER_GENERATE_SWIFT_ASSET_SYMBOL_EXTENSIONS = YES;
				CLANG_ANALYZER_NONNULL = YES;
				CLANG_ANALYZER_NUMBER_OBJECT_CONVERSION = YES_AGGRESSIVE;
				CLANG_CXX_LANGUAGE_STANDARD = "gnu++20";
				CLANG_ENABLE_MODULES = YES;
				CLANG_ENABLE_OBJC_ARC = YES;
				CLANG_ENABLE_OBJC_WEAK = YES;
				CLANG_WARN_BLOCK_CAPTURE_AUTORELEASING = YES;
				CLANG_WARN_BOOL_CONVERSION = YES;
				CLANG_WARN_COMMA = YES;
				CLANG_WARN_CONSTANT_CONVERSION = YES;
				CLANG_WARN_DEPRECATED_OBJC_IMPLEMENTATIONS = YES;
				CLANG_WARN_DIRECT_OBJC_ISA_USAGE = YES_ERROR;
				CLANG_WARN_DOCUMENTATION_COMMENTS = YES;
				CLANG_WARN_EMPTY_BODY = YES;
				CLANG_WARN_ENUM_CONVERSION = YES;
				CLANG_WARN_INFINITE_RECURSION = YES;
				CLANG_WARN_INT_CONVERSION = YES;
				CLANG_WARN_NON_LITERAL_NULL_CONVERSION = YES;
				CLANG_WARN_OBJC_IMPLICIT_RETAIN_SELF = YES;
				CLANG_WARN_OBJC_LITERAL_CONVERSION = YES;
				CLANG_WARN_OBJC_ROOT_CLASS = YES_ERROR;
				CLANG_WARN_QUOTED_INCLUDE_IN_FRAMEWORK_HEADER = YES;
				CLANG_WARN_RANGE_LOOP_ANALYSIS = YES;
				CLANG_WARN_STRICT_PROTOTYPES = YES;
				CLANG_WARN_SUSPICIOUS_MOVE = YES;
				CLANG_WARN_UNGUARDED_AVAILABILITY = YES_AGGRESSIVE;
				CLANG_WARN_UNREACHABLE_CODE = YES;
				CLANG_WARN__DUPLICATE_METHOD_MATCH = YES;
				COPY_PHASE_STRIP = NO;
				DEBUG_INFORMATION_FORMAT = "dwarf-with-dsym";
				ENABLE_NS_ASSERTIONS = NO;
				ENABLE_STRICT_OBJC_MSGSEND = YES;
				ENABLE_USER_SCRIPT_SANDBOXING = YES;
				GCC_C_LANGUAGE_STANDARD = gnu17;
				GCC_NO_COMMON_BLOCKS = YES;
				GCC_WARN_64_TO_32_BIT_CONVERSION = YES;
				GCC_WARN_ABOUT_RETURN_TYPE = YES_ERROR;
				GCC_WARN_UNDECLARED_SELECTOR = YES;
				GCC_WARN_UNINITIALIZED_AUTOS = YES_AGGRESSIVE;
				GCC_WARN_UNUSED_FUNCTION = YES;
				GCC_WARN_UNUSED_VARIABLE = YES;
				IPHONEOS_DEPLOYMENT_TARGET = 18.1;
				LOCALIZATION_PREFERS_STRING_CATALOGS = YES;
				MTL_ENABLE_DEBUG_INFO = NO;
				MTL_FAST_MATH = YES;
				SDKROOT = iphoneos;
				SWIFT_COMPILATION_MODE = wholemodule;
				VALIDATE_PRODUCT = YES;
			};
			name = Release;
		};
		89A827B72CFF9C7B00C10329 /* Debug */ = {
			isa = XCBuildConfiguration;
			buildSettings = {
				BUNDLE_LOADER = "$(TEST_HOST)";
				CODE_SIGN_STYLE = Automatic;
				CURRENT_PROJECT_VERSION = 1;
				DEVELOPMENT_TEAM = H8VDGU6LR9;
				GENERATE_INFOPLIST_FILE = YES;
				IPHONEOS_DEPLOYMENT_TARGET = 17.6;
				MARKETING_VERSION = 1.0;
				PRODUCT_BUNDLE_IDENTIFIER = if.cvsViewerTests;
				PRODUCT_NAME = "$(TARGET_NAME)";
				SWIFT_EMIT_LOC_STRINGS = NO;
				SWIFT_VERSION = 5.0;
				TARGETED_DEVICE_FAMILY = "1,2";
				TEST_HOST = "$(BUILT_PRODUCTS_DIR)/cvsViewer.app/$(BUNDLE_EXECUTABLE_FOLDER_PATH)/cvsViewer";
			};
			name = Debug;
		};
		89A827B82CFF9C7B00C10329 /* Release */ = {
			isa = XCBuildConfiguration;
			buildSettings = {
				BUNDLE_LOADER = "$(TEST_HOST)";
				CODE_SIGN_STYLE = Automatic;
				CURRENT_PROJECT_VERSION = 1;
				DEVELOPMENT_TEAM = H8VDGU6LR9;
				GENERATE_INFOPLIST_FILE = YES;
				IPHONEOS_DEPLOYMENT_TARGET = 17.6;
				MARKETING_VERSION = 1.0;
				PRODUCT_BUNDLE_IDENTIFIER = if.cvsViewerTests;
				PRODUCT_NAME = "$(TARGET_NAME)";
				SWIFT_EMIT_LOC_STRINGS = NO;
				SWIFT_VERSION = 5.0;
				TARGETED_DEVICE_FAMILY = "1,2";
				TEST_HOST = "$(BUILT_PRODUCTS_DIR)/cvsViewer.app/$(BUNDLE_EXECUTABLE_FOLDER_PATH)/cvsViewer";
			};
			name = Release;
		};
		89A827BA2CFF9C7B00C10329 /* Debug */ = {
			isa = XCBuildConfiguration;
			buildSettings = {
				CODE_SIGN_STYLE = Automatic;
				CURRENT_PROJECT_VERSION = 1;
				DEVELOPMENT_TEAM = H8VDGU6LR9;
				GENERATE_INFOPLIST_FILE = YES;
				IPHONEOS_DEPLOYMENT_TARGET = 17.6;
				MARKETING_VERSION = 1.0;
				PRODUCT_BUNDLE_IDENTIFIER = if.cvsViewerUITests;
				PRODUCT_NAME = "$(TARGET_NAME)";
				SWIFT_EMIT_LOC_STRINGS = NO;
				SWIFT_VERSION = 5.0;
				TARGETED_DEVICE_FAMILY = "1,2";
				TEST_TARGET_NAME = cvsViewer;
			};
			name = Debug;
		};
		89A827BB2CFF9C7B00C10329 /* Release */ = {
			isa = XCBuildConfiguration;
			buildSettings = {
				CODE_SIGN_STYLE = Automatic;
				CURRENT_PROJECT_VERSION = 1;
				DEVELOPMENT_TEAM = H8VDGU6LR9;
				GENERATE_INFOPLIST_FILE = YES;
				IPHONEOS_DEPLOYMENT_TARGET = 17.6;
				MARKETING_VERSION = 1.0;
				PRODUCT_BUNDLE_IDENTIFIER = if.cvsViewerUITests;
				PRODUCT_NAME = "$(TARGET_NAME)";
				SWIFT_EMIT_LOC_STRINGS = NO;
				SWIFT_VERSION = 5.0;
				TARGETED_DEVICE_FAMILY = "1,2";
				TEST_TARGET_NAME = cvsViewer;
			};
			name = Release;
		};
/* End XCBuildConfiguration section */

/* Begin XCConfigurationList section */
		89A827832CFF9C7800C10329 /* Build configuration list for PBXProject "cvsViewer" */ = {
			isa = XCConfigurationList;
			buildConfigurations = (
				89A827B42CFF9C7B00C10329 /* Debug */,
				89A827B52CFF9C7B00C10329 /* Release */,
			);
			defaultConfigurationIsVisible = 0;
			defaultConfigurationName = Release;
		};
		89A827B12CFF9C7B00C10329 /* Build configuration list for PBXNativeTarget "cvsViewer" */ = {
			isa = XCConfigurationList;
			buildConfigurations = (
				89A827B22CFF9C7B00C10329 /* Debug */,
				89A827B32CFF9C7B00C10329 /* Release */,
			);
			defaultConfigurationIsVisible = 0;
			defaultConfigurationName = Release;
		};
		89A827B62CFF9C7B00C10329 /* Build configuration list for PBXNativeTarget "cvsViewerTests" */ = {
			isa = XCConfigurationList;
			buildConfigurations = (
				89A827B72CFF9C7B00C10329 /* Debug */,
				89A827B82CFF9C7B00C10329 /* Release */,
			);
			defaultConfigurationIsVisible = 0;
			defaultConfigurationName = Release;
		};
		89A827B92CFF9C7B00C10329 /* Build configuration list for PBXNativeTarget "cvsViewerUITests" */ = {
			isa = XCConfigurationList;
			buildConfigurations = (
				89A827BA2CFF9C7B00C10329 /* Debug */,
				89A827BB2CFF9C7B00C10329 /* Release */,
			);
			defaultConfigurationIsVisible = 0;
			defaultConfigurationName = Release;
		};
/* End XCConfigurationList section */

/* Begin XCRemoteSwiftPackageReference section */
		89A827FE2CFFC21F00C10329 /* XCRemoteSwiftPackageReference "SnapKit" */ = {
			isa = XCRemoteSwiftPackageReference;
			repositoryURL = "https://github.com/SnapKit/SnapKit.git";
			requirement = {
				kind = upToNextMajorVersion;
				minimumVersion = 5.7.1;
			};
		};
/* End XCRemoteSwiftPackageReference section */

/* Begin XCSwiftPackageProductDependency section */
		89A827FF2CFFC21F00C10329 /* SnapKit */ = {
			isa = XCSwiftPackageProductDependency;
			package = 89A827FE2CFFC21F00C10329 /* XCRemoteSwiftPackageReference "SnapKit" */;
			productName = SnapKit;
		};
/* End XCSwiftPackageProductDependency section */
	};
	rootObject = 89A827802CFF9C7800C10329 /* Project object */;
}
